
Microsoft Visual Studio Solution File, Format Version 12.00
# Visual Studio Version 17
VisualStudioVersion = 17.12.35506.116
MinimumVisualStudioVersion = 10.0.40219.1
Project("{2150E333-8FDC-42A3-9474-1A3956D46DE8}") = "Services", "Services", "{7EB58779-F6EE-467E-9460-1708A1C0DB4B}"
EndProject
Project("{2150E333-8FDC-42A3-9474-1A3956D46DE8}") = "Catalog", "Catalog", "{DA791B11-A38D-4CA6-93A2-2A6945159BCD}"
EndProject
Project("{FAE04EC0-301F-11D3-BF4B-00C04F79EFBC}") = "CatalogApi", "Services\Catalog\CatalogApi\CatalogApi.csproj", "{CA1D0E76-EA29-429D-B9ED-D0EBB90F0834}"
EndProject
Project("{2150E333-8FDC-42A3-9474-1A3956D46DE8}") = "BuildingBlocks", "BuildingBlocks", "{CC107580-E8EB-4F37-AE04-95108B485C82}"
EndProject
Project("{FAE04EC0-301F-11D3-BF4B-00C04F79EFBC}") = "BuildingBlocks", "BuildingBlocks\BuildingBlocks\BuildingBlocks.csproj", "{6CB806E3-FDAC-4A7F-93B7-4BCC81E03E7C}"
EndProject
Project("{E53339B2-1760-4266-BCC7-CA923CBCF16C}") = "docker-compose", "docker-compose.dcproj", "{7F32BBFD-2511-47D5-A8B6-1728907B7772}"
EndProject
Project("{2150E333-8FDC-42A3-9474-1A3956D46DE8}") = "Basket", "Basket", "{C8E355CB-27B7-46BA-B3C7-4EED741CAD97}"
EndProject
Project("{FAE04EC0-301F-11D3-BF4B-00C04F79EFBC}") = "Basket.Api", "Services\Basket\Basket.Api\Basket.Api.csproj", "{1C20B3FE-9AB0-4930-B571-A1A445DB2455}"
EndProject
Project("{2150E333-8FDC-42A3-9474-1A3956D46DE8}") = "Discount", "Discount", "{6F9C022C-92FA-4D3A-BC07-2880660FED36}"
EndProject
Project("{FAE04EC0-301F-11D3-BF4B-00C04F79EFBC}") = "Discount.Grpc", "Services\Discount\Discount.Grpc\Discount.Grpc.csproj", "{5C6353ED-6075-4BFD-ADBA-C31C62E4B828}"
EndProject
Project("{2150E333-8FDC-42A3-9474-1A3956D46DE8}") = "Ordering", "Ordering", "{D6D04FB5-FDF1-472F-BA94-1D6F5E48AA8F}"
EndProject
Project("{FAE04EC0-301F-11D3-BF4B-00C04F79EFBC}") = "Ordering.Domain", "Services\Ordering\Ordering.Domain\Ordering.Domain.csproj", "{51A197D6-E98D-49A0-A40A-597FE8E53BEB}"
EndProject
Project("{FAE04EC0-301F-11D3-BF4B-00C04F79EFBC}") = "Ordering.Infrastructure", "Services\Ordering\Ordering.Infrastructure\Ordering.Infrastructure.csproj", "{7BD9B054-FE1E-478B-B0F9-48F6A52BBDFB}"
EndProject
Project("{FAE04EC0-301F-11D3-BF4B-00C04F79EFBC}") = "Ordering.Application", "Services\Ordering\Ordering.Application\Ordering.Application.csproj", "{A31A21D1-ACC5-44DD-B406-88F2C5750C12}"
EndProject
Project("{FAE04EC0-301F-11D3-BF4B-00C04F79EFBC}") = "Ordering.API", "Services\Ordering\Ordering.API\Ordering.API.csproj", "{C0B65435-8405-43FA-A962-78B3DB464F69}"
EndProject
Project("{FAE04EC0-301F-11D3-BF4B-00C04F79EFBC}") = "BuildingBlocks.Messaging", "BuildingBlocks\BuildingBlocks.Messaging\BuildingBlocks.Messaging.csproj", "{FD1CD954-D1CB-4FB5-8B58-544861139C20}"
EndProject
Project("{2150E333-8FDC-42A3-9474-1A3956D46DE8}") = "ApiGateways", "ApiGateways", "{149138CC-6B79-4725-A8D0-0C5C55057F27}"
EndProject
Project("{FAE04EC0-301F-11D3-BF4B-00C04F79EFBC}") = "YarpApiGateway", "ApiGateways\YarpApiGateway\YarpApiGateway.csproj", "{0994AE21-3F4E-433B-B138-2B47DB7D7E05}"
EndProject
Project("{2150E333-8FDC-42A3-9474-1A3956D46DE8}") = "WebApps", "WebApps", "{1CAFE3AE-4BD8-4C51-BFD5-819908256811}"
EndProject
Project("{FAE04EC0-301F-11D3-BF4B-00C04F79EFBC}") = "Shopping.Web", "WebApps\Shopping.Web\Shopping.Web.csproj", "{22B753EB-365A-4AAD-BEAF-DA4962E3FF4E}"
EndProject
Global
	GlobalSection(SolutionConfigurationPlatforms) = preSolution
		Debug|Any CPU = Debug|Any CPU
		Release|Any CPU = Release|Any CPU
	EndGlobalSection
	GlobalSection(ProjectConfigurationPlatforms) = postSolution
		{CA1D0E76-EA29-429D-B9ED-D0EBB90F0834}.Debug|Any CPU.ActiveCfg = Debug|Any CPU
		{CA1D0E76-EA29-429D-B9ED-D0EBB90F0834}.Debug|Any CPU.Build.0 = Debug|Any CPU
		{CA1D0E76-EA29-429D-B9ED-D0EBB90F0834}.Release|Any CPU.ActiveCfg = Release|Any CPU
		{CA1D0E76-EA29-429D-B9ED-D0EBB90F0834}.Release|Any CPU.Build.0 = Release|Any CPU
		{6CB806E3-FDAC-4A7F-93B7-4BCC81E03E7C}.Debug|Any CPU.ActiveCfg = Debug|Any CPU
		{6CB806E3-FDAC-4A7F-93B7-4BCC81E03E7C}.Debug|Any CPU.Build.0 = Debug|Any CPU
		{6CB806E3-FDAC-4A7F-93B7-4BCC81E03E7C}.Release|Any CPU.ActiveCfg = Release|Any CPU
		{6CB806E3-FDAC-4A7F-93B7-4BCC81E03E7C}.Release|Any CPU.Build.0 = Release|Any CPU
		{7F32BBFD-2511-47D5-A8B6-1728907B7772}.Debug|Any CPU.ActiveCfg = Debug|Any CPU
		{7F32BBFD-2511-47D5-A8B6-1728907B7772}.Debug|Any CPU.Build.0 = Debug|Any CPU
		{7F32BBFD-2511-47D5-A8B6-1728907B7772}.Release|Any CPU.ActiveCfg = Release|Any CPU
		{7F32BBFD-2511-47D5-A8B6-1728907B7772}.Release|Any CPU.Build.0 = Release|Any CPU
		{1C20B3FE-9AB0-4930-B571-A1A445DB2455}.Debug|Any CPU.ActiveCfg = Debug|Any CPU
		{1C20B3FE-9AB0-4930-B571-A1A445DB2455}.Debug|Any CPU.Build.0 = Debug|Any CPU
		{1C20B3FE-9AB0-4930-B571-A1A445DB2455}.Release|Any CPU.ActiveCfg = Release|Any CPU
		{1C20B3FE-9AB0-4930-B571-A1A445DB2455}.Release|Any CPU.Build.0 = Release|Any CPU
		{5C6353ED-6075-4BFD-ADBA-C31C62E4B828}.Debug|Any CPU.ActiveCfg = Debug|Any CPU
		{5C6353ED-6075-4BFD-ADBA-C31C62E4B828}.Debug|Any CPU.Build.0 = Debug|Any CPU
		{5C6353ED-6075-4BFD-ADBA-C31C62E4B828}.Release|Any CPU.ActiveCfg = Release|Any CPU
		{5C6353ED-6075-4BFD-ADBA-C31C62E4B828}.Release|Any CPU.Build.0 = Release|Any CPU
		{51A197D6-E98D-49A0-A40A-597FE8E53BEB}.Debug|Any CPU.ActiveCfg = Debug|Any CPU
		{51A197D6-E98D-49A0-A40A-597FE8E53BEB}.Debug|Any CPU.Build.0 = Debug|Any CPU
		{51A197D6-E98D-49A0-A40A-597FE8E53BEB}.Release|Any CPU.ActiveCfg = Release|Any CPU
		{51A197D6-E98D-49A0-A40A-597FE8E53BEB}.Release|Any CPU.Build.0 = Release|Any CPU
		{7BD9B054-FE1E-478B-B0F9-48F6A52BBDFB}.Debug|Any CPU.ActiveCfg = Debug|Any CPU
		{7BD9B054-FE1E-478B-B0F9-48F6A52BBDFB}.Debug|Any CPU.Build.0 = Debug|Any CPU
		{7BD9B054-FE1E-478B-B0F9-48F6A52BBDFB}.Release|Any CPU.ActiveCfg = Release|Any CPU
		{7BD9B054-FE1E-478B-B0F9-48F6A52BBDFB}.Release|Any CPU.Build.0 = Release|Any CPU
		{A31A21D1-ACC5-44DD-B406-88F2C5750C12}.Debug|Any CPU.ActiveCfg = Debug|Any CPU
		{A31A21D1-ACC5-44DD-B406-88F2C5750C12}.Debug|Any CPU.Build.0 = Debug|Any CPU
		{A31A21D1-ACC5-44DD-B406-88F2C5750C12}.Release|Any CPU.ActiveCfg = Release|Any CPU
		{A31A21D1-ACC5-44DD-B406-88F2C5750C12}.Release|Any CPU.Build.0 = Release|Any CPU
		{C0B65435-8405-43FA-A962-78B3DB464F69}.Debug|Any CPU.ActiveCfg = Debug|Any CPU
		{C0B65435-8405-43FA-A962-78B3DB464F69}.Debug|Any CPU.Build.0 = Debug|Any CPU
		{C0B65435-8405-43FA-A962-78B3DB464F69}.Release|Any CPU.ActiveCfg = Release|Any CPU
		{C0B65435-8405-43FA-A962-78B3DB464F69}.Release|Any CPU.Build.0 = Release|Any CPU
		{FD1CD954-D1CB-4FB5-8B58-544861139C20}.Debug|Any CPU.ActiveCfg = Debug|Any CPU
		{FD1CD954-D1CB-4FB5-8B58-544861139C20}.Debug|Any CPU.Build.0 = Debug|Any CPU
		{FD1CD954-D1CB-4FB5-8B58-544861139C20}.Release|Any CPU.ActiveCfg = Release|Any CPU
		{FD1CD954-D1CB-4FB5-8B58-544861139C20}.Release|Any CPU.Build.0 = Release|Any CPU
		{0994AE21-3F4E-433B-B138-2B47DB7D7E05}.Debug|Any CPU.ActiveCfg = Debug|Any CPU
		{0994AE21-3F4E-433B-B138-2B47DB7D7E05}.Debug|Any CPU.Build.0 = Debug|Any CPU
		{0994AE21-3F4E-433B-B138-2B47DB7D7E05}.Release|Any CPU.ActiveCfg = Release|Any CPU
		{0994AE21-3F4E-433B-B138-2B47DB7D7E05}.Release|Any CPU.Build.0 = Release|Any CPU
		{22B753EB-365A-4AAD-BEAF-DA4962E3FF4E}.Debug|Any CPU.ActiveCfg = Debug|Any CPU
		{22B753EB-365A-4AAD-BEAF-DA4962E3FF4E}.Debug|Any CPU.Build.0 = Debug|Any CPU
		{22B753EB-365A-4AAD-BEAF-DA4962E3FF4E}.Release|Any CPU.ActiveCfg = Release|Any CPU
		{22B753EB-365A-4AAD-BEAF-DA4962E3FF4E}.Release|Any CPU.Build.0 = Release|Any CPU
	EndGlobalSection
	GlobalSection(SolutionProperties) = preSolution
		HideSolutionNode = FALSE
	EndGlobalSection
	GlobalSection(NestedProjects) = preSolution
		{DA791B11-A38D-4CA6-93A2-2A6945159BCD} = {7EB58779-F6EE-467E-9460-1708A1C0DB4B}
		{CA1D0E76-EA29-429D-B9ED-D0EBB90F0834} = {DA791B11-A38D-4CA6-93A2-2A6945159BCD}
		{6CB806E3-FDAC-4A7F-93B7-4BCC81E03E7C} = {CC107580-E8EB-4F37-AE04-95108B485C82}
		{C8E355CB-27B7-46BA-B3C7-4EED741CAD97} = {7EB58779-F6EE-467E-9460-1708A1C0DB4B}
		{1C20B3FE-9AB0-4930-B571-A1A445DB2455} = {C8E355CB-27B7-46BA-B3C7-4EED741CAD97}
		{6F9C022C-92FA-4D3A-BC07-2880660FED36} = {7EB58779-F6EE-467E-9460-1708A1C0DB4B}
		{5C6353ED-6075-4BFD-ADBA-C31C62E4B828} = {6F9C022C-92FA-4D3A-BC07-2880660FED36}
		{D6D04FB5-FDF1-472F-BA94-1D6F5E48AA8F} = {7EB58779-F6EE-467E-9460-1708A1C0DB4B}
		{51A197D6-E98D-49A0-A40A-597FE8E53BEB} = {D6D04FB5-FDF1-472F-BA94-1D6F5E48AA8F}
		{7BD9B054-FE1E-478B-B0F9-48F6A52BBDFB} = {D6D04FB5-FDF1-472F-BA94-1D6F5E48AA8F}
		{A31A21D1-ACC5-44DD-B406-88F2C5750C12} = {D6D04FB5-FDF1-472F-BA94-1D6F5E48AA8F}
		{C0B65435-8405-43FA-A962-78B3DB464F69} = {D6D04FB5-FDF1-472F-BA94-1D6F5E48AA8F}
		{FD1CD954-D1CB-4FB5-8B58-544861139C20} = {CC107580-E8EB-4F37-AE04-95108B485C82}
		{0994AE21-3F4E-433B-B138-2B47DB7D7E05} = {149138CC-6B79-4725-A8D0-0C5C55057F27}
		{22B753EB-365A-4AAD-BEAF-DA4962E3FF4E} = {1CAFE3AE-4BD8-4C51-BFD5-819908256811}
	EndGlobalSection
EndGlobal
